
Microsoft Visual Studio Solution File, Format Version 12.00
# Visual Studio Version 16
VisualStudioVersion = 16.0.31410.357
MinimumVisualStudioVersion = 10.0.40219.1
Project("{FAE04EC0-301F-11D3-BF4B-00C04F79EFBC}") = "CustomOverlay", "CustomOverlay\CustomOverlay.csproj", "{3FDD10DF-55EF-474C-BE70-2894F315BDF9}"
EndProject
Global
	GlobalSection(SolutionConfigurationPlatforms) = preSolution
		Debug|Any CPU = Debug|Any CPU
		Release|Any CPU = Release|Any CPU
	EndGlobalSection
	GlobalSection(ProjectConfigurationPlatforms) = postSolution
		{3FDD10DF-55EF-474C-BE70-2894F315BDF9}.Debug|Any CPU.ActiveCfg = Release|Any CPU
		{3FDD10DF-55EF-474C-BE70-2894F315BDF9}.Debug|Any CPU.Build.0 = Release|Any CPU
		{3FDD10DF-55EF-474C-BE70-2894F315BDF9}.Release|Any CPU.ActiveCfg = Release|Any CPU
		{3FDD10DF-55EF-474C-BE70-2894F315BDF9}.Release|Any CPU.Build.0 = Release|Any CPU
	EndGlobalSection
	GlobalSection(SolutionProperties) = preSolution
		HideSolutionNode = FALSE
	EndGlobalSection
	GlobalSection(ExtensibilityGlobals) = postSolution
		SolutionGuid = {EC4D6F31-CD01-4274-8202-E7E2B3988AF9}
	EndGlobalSection
EndGlobal
